
Microsoft Visual Studio Solution File, Format Version 12.00
# Visual Studio Version 17
VisualStudioVersion = 17.10.35122.118
MinimumVisualStudioVersion = 10.0.40219.1
Project("{9A19103F-16F7-4668-BE54-9A1E7A4F7556}") = "Exercicio1", "Exercicio1\Exercicio1.csproj", "{A6CFADB3-B1A6-4328-B701-767F54B4F84B}"
EndProject
Project("{9A19103F-16F7-4668-BE54-9A1E7A4F7556}") = "Exercicio2", "Exercicio2\Exercicio2.csproj", "{011F4F4E-A8B7-4902-9252-845E5099D64F}"
EndProject
Project("{9A19103F-16F7-4668-BE54-9A1E7A4F7556}") = "Exercicio3", "Exercicio3\Exercicio3.csproj", "{38C06491-4199-45CE-BF54-B4AD7B016526}"
EndProject
Project("{9A19103F-16F7-4668-BE54-9A1E7A4F7556}") = "Exercicio4", "Exercicio4\Exercicio4.csproj", "{E76AB38F-BC06-4DBA-B7C3-BBA4DA2BA5D8}"
EndProject
Project("{9A19103F-16F7-4668-BE54-9A1E7A4F7556}") = "Exercicio5", "Exercicio5\Exercicio5.csproj", "{4AE0483C-17F7-4A09-9B3D-0F868F6EA7F8}"
EndProject
Project("{9A19103F-16F7-4668-BE54-9A1E7A4F7556}") = "Exercicio6", "Exercicio6\Exercicio6.csproj", "{454F9ED8-A487-45D2-9843-C78DB799E4F6}"
EndProject
Project("{9A19103F-16F7-4668-BE54-9A1E7A4F7556}") = "Exercicio7", "Exercicio7\Exercicio7.csproj", "{749C5A9A-E620-4224-8DC7-B6EF9E502B5C}"
EndProject
Project("{9A19103F-16F7-4668-BE54-9A1E7A4F7556}") = "Exercicio8", "Exercicio8\Exercicio8.csproj", "{D2A05682-8F05-4433-BA89-F095DC657727}"
EndProject
Project("{9A19103F-16F7-4668-BE54-9A1E7A4F7556}") = "Exercicio9", "Exercicio9\Exercicio9.csproj", "{7345B12A-BC6C-4D20-99CD-0AF1F0C5C3BC}"
EndProject
Project("{9A19103F-16F7-4668-BE54-9A1E7A4F7556}") = "Exercicio10", "Exercicio10\Exercicio10.csproj", "{9D3AB8A3-0621-41BC-B98D-3713843D4DF9}"
EndProject
Project("{9A19103F-16F7-4668-BE54-9A1E7A4F7556}") = "Exercicio11", "Exercicio11\Exercicio11.csproj", "{F2EFB716-18CD-4BD7-95EF-0743A67C048D}"
EndProject
Project("{9A19103F-16F7-4668-BE54-9A1E7A4F7556}") = "Exercicio12", "Exercicio12\Exercicio12.csproj", "{E2FFD6C0-0E20-4438-B22F-AE987DE5A569}"
EndProject
Project("{9A19103F-16F7-4668-BE54-9A1E7A4F7556}") = "Exercicio13", "Exercicio13\Exercicio13.csproj", "{0DBA775F-910F-4D11-9E99-33CBB67C38E6}"
EndProject
Project("{9A19103F-16F7-4668-BE54-9A1E7A4F7556}") = "Exercicio14", "Exercicio14\Exercicio14.csproj", "{3D501292-DA1C-4713-A565-24F700908DEC}"
EndProject
Project("{9A19103F-16F7-4668-BE54-9A1E7A4F7556}") = "Exercicio15", "Exercicio15\Exercicio15.csproj", "{4418392C-E39D-47AE-837C-15DE3ADE8B33}"
EndProject
Project("{9A19103F-16F7-4668-BE54-9A1E7A4F7556}") = "Exercicio16", "Exercicio16\Exercicio16.csproj", "{71A7111F-1956-433D-9E94-C17A48528AD3}"
EndProject
Project("{9A19103F-16F7-4668-BE54-9A1E7A4F7556}") = "Exercicio17", "Exercicio17\Exercicio17.csproj", "{D8A773D3-C453-43ED-9A1F-EA81DE955E1E}"
EndProject
Project("{9A19103F-16F7-4668-BE54-9A1E7A4F7556}") = "Exercicio18", "Exercicio18\Exercicio18.csproj", "{060B9C8E-48CD-42D9-BCA9-03F512D23B09}"
EndProject
Project("{9A19103F-16F7-4668-BE54-9A1E7A4F7556}") = "Exercicio19", "Exercicio19\Exercicio19.csproj", "{39BA755A-ED30-45CB-A4D6-4824D84AE652}"
EndProject
Project("{9A19103F-16F7-4668-BE54-9A1E7A4F7556}") = "Exercicio20", "Exercicio20\Exercicio20.csproj", "{FDBF5661-6174-4FB6-9DBE-1B1F571FE706}"
EndProject
Project("{9A19103F-16F7-4668-BE54-9A1E7A4F7556}") = "Exercicio21", "Exercicio21\Exercicio21.csproj", "{1867044E-97D7-4CC9-9CB6-9B54F23A9575}"
EndProject
Project("{9A19103F-16F7-4668-BE54-9A1E7A4F7556}") = "Exercicio22", "Exercicio22\Exercicio22.csproj", "{7BCAEC5C-589B-408B-9EB0-BEBB44BD43D1}"
EndProject
Project("{FAE04EC0-301F-11D3-BF4B-00C04F79EFBC}") = "Exercicio23", "Exercicio23\Exercicio23.csproj", "{C06DF690-19B4-4B02-A777-B366DD9FA39C}"
EndProject
Project("{FAE04EC0-301F-11D3-BF4B-00C04F79EFBC}") = "Exercicio24", "Exercicio24\Exercicio24.csproj", "{38472798-E109-469E-AEA6-5E9B4452C503}"
EndProject
Project("{FAE04EC0-301F-11D3-BF4B-00C04F79EFBC}") = "Exercício25", "Exercício25\Exercício25.csproj", "{B3858CAB-247B-467C-9CB4-E8CF4054F06B}"
EndProject
Project("{FAE04EC0-301F-11D3-BF4B-00C04F79EFBC}") = "Exercicio26", "Exercicio26\Exercicio26.csproj", "{DCF6725C-62CD-4B80-8C2A-237249DD686E}"
EndProject
Project("{FAE04EC0-301F-11D3-BF4B-00C04F79EFBC}") = "Exercicio27", "Exercicio27\Exercicio27.csproj", "{1A068B72-E092-4BFD-A22F-12ED6B2BA1B6}"
EndProject
Project("{FAE04EC0-301F-11D3-BF4B-00C04F79EFBC}") = "Exercicio28", "Exercicio28\Exercicio28.csproj", "{9096B791-BFFA-4593-BC8C-389FDBDD45E5}"
EndProject
Project("{FAE04EC0-301F-11D3-BF4B-00C04F79EFBC}") = "Exercicio29", "Exercicio29\Exercicio29.csproj", "{C7FD9DA1-47A1-4D0F-90D2-39ABEC101734}"
EndProject
Project("{FAE04EC0-301F-11D3-BF4B-00C04F79EFBC}") = "Exercicio30", "Exercicio30\Exercicio30.csproj", "{85BAF963-B5C6-4853-B72A-5B70E03CD684}"
EndProject
Project("{FAE04EC0-301F-11D3-BF4B-00C04F79EFBC}") = "Exercicio31", "Exercicio31\Exercicio31.csproj", "{45B60C48-A78E-423A-9C6E-D89CFC02A35C}"
EndProject
Project("{FAE04EC0-301F-11D3-BF4B-00C04F79EFBC}") = "Exercicio32", "Exercicio32\Exercicio32.csproj", "{03640F7F-BBB5-4715-ADB1-04F2ECECBB13}"
EndProject
Project("{FAE04EC0-301F-11D3-BF4B-00C04F79EFBC}") = "Exercicio33", "Exercicio33\Exercicio33.csproj", "{0D13CDD9-D3E8-41BC-B0BE-97DB7C81F8FC}"
EndProject
Project("{FAE04EC0-301F-11D3-BF4B-00C04F79EFBC}") = "Exercicio34", "Exercicio34\Exercicio34.csproj", "{9BE2DE70-6F05-40FE-A1A3-7140F155A72C}"
EndProject
Project("{FAE04EC0-301F-11D3-BF4B-00C04F79EFBC}") = "Exercicio35", "Exercicio35\Exercicio35.csproj", "{E12399CD-EE07-4B9A-B54C-DE3D7D28ECE2}"
EndProject
Project("{FAE04EC0-301F-11D3-BF4B-00C04F79EFBC}") = "Exercicio36", "Exercicio36\Exercicio36.csproj", "{1FAD9479-9E5E-46DE-B51F-0A4188D303FA}"
EndProject
Project("{FAE04EC0-301F-11D3-BF4B-00C04F79EFBC}") = "Exercicio37", "Exercicio37\Exercicio37.csproj", "{7C0E6181-31BF-4A63-9B03-713105863897}"
EndProject
Project("{FAE04EC0-301F-11D3-BF4B-00C04F79EFBC}") = "Exercicio38", "Exercicio38\Exercicio38.csproj", "{EE4E7B87-FEDB-4FFF-A896-95D323F01EEC}"
EndProject
Project("{FAE04EC0-301F-11D3-BF4B-00C04F79EFBC}") = "Exercicio39", "Exercicio39\Exercicio39.csproj", "{08EF9E7F-0B76-4DF8-B76C-36399E9F0A1A}"
EndProject
Project("{FAE04EC0-301F-11D3-BF4B-00C04F79EFBC}") = "Exercicio40", "Exercicio40\Exercicio40.csproj", "{43EA64E5-34F6-4BA2-B72A-C7C56F5C6118}"
EndProject
Project("{FAE04EC0-301F-11D3-BF4B-00C04F79EFBC}") = "Exercicio41", "Exercicio41\Exercicio41.csproj", "{27FF0CE4-6C5E-45EF-BAEF-6F1DEB717560}"
EndProject
Project("{FAE04EC0-301F-11D3-BF4B-00C04F79EFBC}") = "Exercicio42", "Exercicio42\Exercicio42.csproj", "{8D806536-33B0-4C1B-9D3B-CB140C50930C}"
EndProject
Project("{FAE04EC0-301F-11D3-BF4B-00C04F79EFBC}") = "Exercicio43", "Exercicio43\Exercicio43.csproj", "{87715213-8F2E-46A1-8054-AE95571C914F}"
EndProject
Project("{FAE04EC0-301F-11D3-BF4B-00C04F79EFBC}") = "Exercicio44", "Exercicio44\Exercicio44.csproj", "{115316D5-F40C-48BD-8B9D-2D96622E63BB}"
EndProject
Project("{FAE04EC0-301F-11D3-BF4B-00C04F79EFBC}") = "Exercicio45", "Exercicio45\Exercicio45.csproj", "{034C1A44-56E6-46A4-AD03-F8E2BA22E571}"
EndProject
Project("{FAE04EC0-301F-11D3-BF4B-00C04F79EFBC}") = "Exercicio46", "Exercicio46\Exercicio46.csproj", "{D305D2B7-3B5C-414B-904A-C63C02D5055C}"
EndProject
Project("{FAE04EC0-301F-11D3-BF4B-00C04F79EFBC}") = "Exercicio47", "Exercicio47\Exercicio47.csproj", "{7EF30032-9D25-4F4D-9C89-B8543910A7F8}"
EndProject
Project("{FAE04EC0-301F-11D3-BF4B-00C04F79EFBC}") = "Exercicio48", "Exercicio48\Exercicio48.csproj", "{C15F1535-619B-43A4-A951-8B09EF9DE976}"
EndProject
Project("{FAE04EC0-301F-11D3-BF4B-00C04F79EFBC}") = "Exercicio50", "Exercicio50\Exercicio50.csproj", "{8965E08E-3DA8-45AF-9613-888445CAF306}"
EndProject
Project("{FAE04EC0-301F-11D3-BF4B-00C04F79EFBC}") = "Exercicio51", "Exercicio51\Exercicio51.csproj", "{CEC8C2F6-596B-4340-A927-44EBB98BA438}"
EndProject
Project("{FAE04EC0-301F-11D3-BF4B-00C04F79EFBC}") = "Exercicio52", "Exercicio52\Exercicio52.csproj", "{D7575F5D-1698-4794-A162-C1EE1733B3CF}"
EndProject
Project("{FAE04EC0-301F-11D3-BF4B-00C04F79EFBC}") = "Exercicio53", "Exercicio53\Exercicio53.csproj", "{870595DB-2897-4875-A5F0-B7E125A96DD8}"
EndProject
Project("{FAE04EC0-301F-11D3-BF4B-00C04F79EFBC}") = "Exercicio54", "Exercicio54\Exercicio54.csproj", "{A3EAAE11-18BA-4F9A-94F1-8CC4500BE4C2}"
EndProject
Project("{FAE04EC0-301F-11D3-BF4B-00C04F79EFBC}") = "Exercicio55", "Exercicio55\Exercicio55.csproj", "{B89D6314-0632-407E-B3CE-2BE3C50D1C82}"
EndProject
Project("{FAE04EC0-301F-11D3-BF4B-00C04F79EFBC}") = "Exercicio56", "Exercicio56\Exercicio56.csproj", "{E617707F-3300-4332-9FAE-09B5A4109DC8}"
EndProject
Project("{FAE04EC0-301F-11D3-BF4B-00C04F79EFBC}") = "Exercicio57", "Exercicio57\Exercicio57.csproj", "{34823F32-931B-4D1E-B26A-B35426A2734D}"
EndProject
Project("{FAE04EC0-301F-11D3-BF4B-00C04F79EFBC}") = "Exercicio58", "Exercicio58\Exercicio58.csproj", "{2AB42458-7480-4E33-B783-75BACA545787}"
EndProject
Project("{FAE04EC0-301F-11D3-BF4B-00C04F79EFBC}") = "Exercicio59", "Exercicio59\Exercicio59.csproj", "{D1C61CDE-458F-4E64-B2B3-A7FB3052044A}"
EndProject
Project("{FAE04EC0-301F-11D3-BF4B-00C04F79EFBC}") = "Exercicio60", "Exercicio60\Exercicio60.csproj", "{7426B5F4-C253-44A6-87C6-14CEE6A272FF}"
EndProject
Project("{FAE04EC0-301F-11D3-BF4B-00C04F79EFBC}") = "Exercicio61", "Exercicio61\Exercicio61.csproj", "{BCE20FC7-E4FC-4B0E-AB08-1F3EB1000D86}"
EndProject
Project("{FAE04EC0-301F-11D3-BF4B-00C04F79EFBC}") = "Exercicio62", "Exercicio62\Exercicio62.csproj", "{2EEE2CDB-A150-4BB4-8007-EA08802F5D68}"
EndProject
Project("{FAE04EC0-301F-11D3-BF4B-00C04F79EFBC}") = "Exercicio63", "Exercicio63\Exercicio63.csproj", "{C13342EB-AD3A-4C00-A509-DB5F0885BD86}"
EndProject
Project("{FAE04EC0-301F-11D3-BF4B-00C04F79EFBC}") = "Exercicio64", "Exercicio64\Exercicio64.csproj", "{649F673F-9EF3-4113-850C-660CD1E388B0}"
EndProject
Global
	GlobalSection(SolutionConfigurationPlatforms) = preSolution
		Debug|Any CPU = Debug|Any CPU
		Release|Any CPU = Release|Any CPU
	EndGlobalSection
	GlobalSection(ProjectConfigurationPlatforms) = postSolution
		{A6CFADB3-B1A6-4328-B701-767F54B4F84B}.Debug|Any CPU.ActiveCfg = Debug|Any CPU
		{A6CFADB3-B1A6-4328-B701-767F54B4F84B}.Debug|Any CPU.Build.0 = Debug|Any CPU
		{A6CFADB3-B1A6-4328-B701-767F54B4F84B}.Release|Any CPU.ActiveCfg = Release|Any CPU
		{A6CFADB3-B1A6-4328-B701-767F54B4F84B}.Release|Any CPU.Build.0 = Release|Any CPU
		{011F4F4E-A8B7-4902-9252-845E5099D64F}.Debug|Any CPU.ActiveCfg = Debug|Any CPU
		{011F4F4E-A8B7-4902-9252-845E5099D64F}.Debug|Any CPU.Build.0 = Debug|Any CPU
		{011F4F4E-A8B7-4902-9252-845E5099D64F}.Release|Any CPU.ActiveCfg = Release|Any CPU
		{011F4F4E-A8B7-4902-9252-845E5099D64F}.Release|Any CPU.Build.0 = Release|Any CPU
		{38C06491-4199-45CE-BF54-B4AD7B016526}.Debug|Any CPU.ActiveCfg = Debug|Any CPU
		{38C06491-4199-45CE-BF54-B4AD7B016526}.Debug|Any CPU.Build.0 = Debug|Any CPU
		{38C06491-4199-45CE-BF54-B4AD7B016526}.Release|Any CPU.ActiveCfg = Release|Any CPU
		{38C06491-4199-45CE-BF54-B4AD7B016526}.Release|Any CPU.Build.0 = Release|Any CPU
		{E76AB38F-BC06-4DBA-B7C3-BBA4DA2BA5D8}.Debug|Any CPU.ActiveCfg = Debug|Any CPU
		{E76AB38F-BC06-4DBA-B7C3-BBA4DA2BA5D8}.Debug|Any CPU.Build.0 = Debug|Any CPU
		{E76AB38F-BC06-4DBA-B7C3-BBA4DA2BA5D8}.Release|Any CPU.ActiveCfg = Release|Any CPU
		{E76AB38F-BC06-4DBA-B7C3-BBA4DA2BA5D8}.Release|Any CPU.Build.0 = Release|Any CPU
		{4AE0483C-17F7-4A09-9B3D-0F868F6EA7F8}.Debug|Any CPU.ActiveCfg = Debug|Any CPU
		{4AE0483C-17F7-4A09-9B3D-0F868F6EA7F8}.Debug|Any CPU.Build.0 = Debug|Any CPU
		{4AE0483C-17F7-4A09-9B3D-0F868F6EA7F8}.Release|Any CPU.ActiveCfg = Release|Any CPU
		{4AE0483C-17F7-4A09-9B3D-0F868F6EA7F8}.Release|Any CPU.Build.0 = Release|Any CPU
		{454F9ED8-A487-45D2-9843-C78DB799E4F6}.Debug|Any CPU.ActiveCfg = Debug|Any CPU
		{454F9ED8-A487-45D2-9843-C78DB799E4F6}.Debug|Any CPU.Build.0 = Debug|Any CPU
		{454F9ED8-A487-45D2-9843-C78DB799E4F6}.Release|Any CPU.ActiveCfg = Release|Any CPU
		{454F9ED8-A487-45D2-9843-C78DB799E4F6}.Release|Any CPU.Build.0 = Release|Any CPU
		{749C5A9A-E620-4224-8DC7-B6EF9E502B5C}.Debug|Any CPU.ActiveCfg = Debug|Any CPU
		{749C5A9A-E620-4224-8DC7-B6EF9E502B5C}.Debug|Any CPU.Build.0 = Debug|Any CPU
		{749C5A9A-E620-4224-8DC7-B6EF9E502B5C}.Release|Any CPU.ActiveCfg = Release|Any CPU
		{749C5A9A-E620-4224-8DC7-B6EF9E502B5C}.Release|Any CPU.Build.0 = Release|Any CPU
		{D2A05682-8F05-4433-BA89-F095DC657727}.Debug|Any CPU.ActiveCfg = Debug|Any CPU
		{D2A05682-8F05-4433-BA89-F095DC657727}.Debug|Any CPU.Build.0 = Debug|Any CPU
		{D2A05682-8F05-4433-BA89-F095DC657727}.Release|Any CPU.ActiveCfg = Release|Any CPU
		{D2A05682-8F05-4433-BA89-F095DC657727}.Release|Any CPU.Build.0 = Release|Any CPU
		{7345B12A-BC6C-4D20-99CD-0AF1F0C5C3BC}.Debug|Any CPU.ActiveCfg = Debug|Any CPU
		{7345B12A-BC6C-4D20-99CD-0AF1F0C5C3BC}.Debug|Any CPU.Build.0 = Debug|Any CPU
		{7345B12A-BC6C-4D20-99CD-0AF1F0C5C3BC}.Release|Any CPU.ActiveCfg = Release|Any CPU
		{7345B12A-BC6C-4D20-99CD-0AF1F0C5C3BC}.Release|Any CPU.Build.0 = Release|Any CPU
		{9D3AB8A3-0621-41BC-B98D-3713843D4DF9}.Debug|Any CPU.ActiveCfg = Debug|Any CPU
		{9D3AB8A3-0621-41BC-B98D-3713843D4DF9}.Debug|Any CPU.Build.0 = Debug|Any CPU
		{9D3AB8A3-0621-41BC-B98D-3713843D4DF9}.Release|Any CPU.ActiveCfg = Release|Any CPU
		{9D3AB8A3-0621-41BC-B98D-3713843D4DF9}.Release|Any CPU.Build.0 = Release|Any CPU
		{F2EFB716-18CD-4BD7-95EF-0743A67C048D}.Debug|Any CPU.ActiveCfg = Debug|Any CPU
		{F2EFB716-18CD-4BD7-95EF-0743A67C048D}.Debug|Any CPU.Build.0 = Debug|Any CPU
		{F2EFB716-18CD-4BD7-95EF-0743A67C048D}.Release|Any CPU.ActiveCfg = Release|Any CPU
		{F2EFB716-18CD-4BD7-95EF-0743A67C048D}.Release|Any CPU.Build.0 = Release|Any CPU
		{E2FFD6C0-0E20-4438-B22F-AE987DE5A569}.Debug|Any CPU.ActiveCfg = Debug|Any CPU
		{E2FFD6C0-0E20-4438-B22F-AE987DE5A569}.Debug|Any CPU.Build.0 = Debug|Any CPU
		{E2FFD6C0-0E20-4438-B22F-AE987DE5A569}.Release|Any CPU.ActiveCfg = Release|Any CPU
		{E2FFD6C0-0E20-4438-B22F-AE987DE5A569}.Release|Any CPU.Build.0 = Release|Any CPU
		{0DBA775F-910F-4D11-9E99-33CBB67C38E6}.Debug|Any CPU.ActiveCfg = Debug|Any CPU
		{0DBA775F-910F-4D11-9E99-33CBB67C38E6}.Debug|Any CPU.Build.0 = Debug|Any CPU
		{0DBA775F-910F-4D11-9E99-33CBB67C38E6}.Release|Any CPU.ActiveCfg = Release|Any CPU
		{0DBA775F-910F-4D11-9E99-33CBB67C38E6}.Release|Any CPU.Build.0 = Release|Any CPU
		{3D501292-DA1C-4713-A565-24F700908DEC}.Debug|Any CPU.ActiveCfg = Debug|Any CPU
		{3D501292-DA1C-4713-A565-24F700908DEC}.Debug|Any CPU.Build.0 = Debug|Any CPU
		{3D501292-DA1C-4713-A565-24F700908DEC}.Release|Any CPU.ActiveCfg = Release|Any CPU
		{3D501292-DA1C-4713-A565-24F700908DEC}.Release|Any CPU.Build.0 = Release|Any CPU
		{4418392C-E39D-47AE-837C-15DE3ADE8B33}.Debug|Any CPU.ActiveCfg = Debug|Any CPU
		{4418392C-E39D-47AE-837C-15DE3ADE8B33}.Debug|Any CPU.Build.0 = Debug|Any CPU
		{4418392C-E39D-47AE-837C-15DE3ADE8B33}.Release|Any CPU.ActiveCfg = Release|Any CPU
		{4418392C-E39D-47AE-837C-15DE3ADE8B33}.Release|Any CPU.Build.0 = Release|Any CPU
		{71A7111F-1956-433D-9E94-C17A48528AD3}.Debug|Any CPU.ActiveCfg = Debug|Any CPU
		{71A7111F-1956-433D-9E94-C17A48528AD3}.Debug|Any CPU.Build.0 = Debug|Any CPU
		{71A7111F-1956-433D-9E94-C17A48528AD3}.Release|Any CPU.ActiveCfg = Release|Any CPU
		{71A7111F-1956-433D-9E94-C17A48528AD3}.Release|Any CPU.Build.0 = Release|Any CPU
		{D8A773D3-C453-43ED-9A1F-EA81DE955E1E}.Debug|Any CPU.ActiveCfg = Debug|Any CPU
		{D8A773D3-C453-43ED-9A1F-EA81DE955E1E}.Debug|Any CPU.Build.0 = Debug|Any CPU
		{D8A773D3-C453-43ED-9A1F-EA81DE955E1E}.Release|Any CPU.ActiveCfg = Release|Any CPU
		{D8A773D3-C453-43ED-9A1F-EA81DE955E1E}.Release|Any CPU.Build.0 = Release|Any CPU
		{060B9C8E-48CD-42D9-BCA9-03F512D23B09}.Debug|Any CPU.ActiveCfg = Debug|Any CPU
		{060B9C8E-48CD-42D9-BCA9-03F512D23B09}.Debug|Any CPU.Build.0 = Debug|Any CPU
		{060B9C8E-48CD-42D9-BCA9-03F512D23B09}.Release|Any CPU.ActiveCfg = Release|Any CPU
		{060B9C8E-48CD-42D9-BCA9-03F512D23B09}.Release|Any CPU.Build.0 = Release|Any CPU
		{39BA755A-ED30-45CB-A4D6-4824D84AE652}.Debug|Any CPU.ActiveCfg = Debug|Any CPU
		{39BA755A-ED30-45CB-A4D6-4824D84AE652}.Debug|Any CPU.Build.0 = Debug|Any CPU
		{39BA755A-ED30-45CB-A4D6-4824D84AE652}.Release|Any CPU.ActiveCfg = Release|Any CPU
		{39BA755A-ED30-45CB-A4D6-4824D84AE652}.Release|Any CPU.Build.0 = Release|Any CPU
		{FDBF5661-6174-4FB6-9DBE-1B1F571FE706}.Debug|Any CPU.ActiveCfg = Debug|Any CPU
		{FDBF5661-6174-4FB6-9DBE-1B1F571FE706}.Debug|Any CPU.Build.0 = Debug|Any CPU
		{FDBF5661-6174-4FB6-9DBE-1B1F571FE706}.Release|Any CPU.ActiveCfg = Release|Any CPU
		{FDBF5661-6174-4FB6-9DBE-1B1F571FE706}.Release|Any CPU.Build.0 = Release|Any CPU
		{1867044E-97D7-4CC9-9CB6-9B54F23A9575}.Debug|Any CPU.ActiveCfg = Debug|Any CPU
		{1867044E-97D7-4CC9-9CB6-9B54F23A9575}.Debug|Any CPU.Build.0 = Debug|Any CPU
		{1867044E-97D7-4CC9-9CB6-9B54F23A9575}.Release|Any CPU.ActiveCfg = Release|Any CPU
		{1867044E-97D7-4CC9-9CB6-9B54F23A9575}.Release|Any CPU.Build.0 = Release|Any CPU
		{7BCAEC5C-589B-408B-9EB0-BEBB44BD43D1}.Debug|Any CPU.ActiveCfg = Debug|Any CPU
		{7BCAEC5C-589B-408B-9EB0-BEBB44BD43D1}.Debug|Any CPU.Build.0 = Debug|Any CPU
		{7BCAEC5C-589B-408B-9EB0-BEBB44BD43D1}.Release|Any CPU.ActiveCfg = Release|Any CPU
		{7BCAEC5C-589B-408B-9EB0-BEBB44BD43D1}.Release|Any CPU.Build.0 = Release|Any CPU
		{C06DF690-19B4-4B02-A777-B366DD9FA39C}.Debug|Any CPU.ActiveCfg = Debug|Any CPU
		{C06DF690-19B4-4B02-A777-B366DD9FA39C}.Debug|Any CPU.Build.0 = Debug|Any CPU
		{C06DF690-19B4-4B02-A777-B366DD9FA39C}.Release|Any CPU.ActiveCfg = Release|Any CPU
		{C06DF690-19B4-4B02-A777-B366DD9FA39C}.Release|Any CPU.Build.0 = Release|Any CPU
		{38472798-E109-469E-AEA6-5E9B4452C503}.Debug|Any CPU.ActiveCfg = Debug|Any CPU
		{38472798-E109-469E-AEA6-5E9B4452C503}.Debug|Any CPU.Build.0 = Debug|Any CPU
		{38472798-E109-469E-AEA6-5E9B4452C503}.Release|Any CPU.ActiveCfg = Release|Any CPU
		{38472798-E109-469E-AEA6-5E9B4452C503}.Release|Any CPU.Build.0 = Release|Any CPU
		{B3858CAB-247B-467C-9CB4-E8CF4054F06B}.Debug|Any CPU.ActiveCfg = Debug|Any CPU
		{B3858CAB-247B-467C-9CB4-E8CF4054F06B}.Debug|Any CPU.Build.0 = Debug|Any CPU
		{B3858CAB-247B-467C-9CB4-E8CF4054F06B}.Release|Any CPU.ActiveCfg = Release|Any CPU
		{B3858CAB-247B-467C-9CB4-E8CF4054F06B}.Release|Any CPU.Build.0 = Release|Any CPU
		{DCF6725C-62CD-4B80-8C2A-237249DD686E}.Debug|Any CPU.ActiveCfg = Debug|Any CPU
		{DCF6725C-62CD-4B80-8C2A-237249DD686E}.Debug|Any CPU.Build.0 = Debug|Any CPU
		{DCF6725C-62CD-4B80-8C2A-237249DD686E}.Release|Any CPU.ActiveCfg = Release|Any CPU
		{DCF6725C-62CD-4B80-8C2A-237249DD686E}.Release|Any CPU.Build.0 = Release|Any CPU
		{1A068B72-E092-4BFD-A22F-12ED6B2BA1B6}.Debug|Any CPU.ActiveCfg = Debug|Any CPU
		{1A068B72-E092-4BFD-A22F-12ED6B2BA1B6}.Debug|Any CPU.Build.0 = Debug|Any CPU
		{1A068B72-E092-4BFD-A22F-12ED6B2BA1B6}.Release|Any CPU.ActiveCfg = Release|Any CPU
		{1A068B72-E092-4BFD-A22F-12ED6B2BA1B6}.Release|Any CPU.Build.0 = Release|Any CPU
		{9096B791-BFFA-4593-BC8C-389FDBDD45E5}.Debug|Any CPU.ActiveCfg = Debug|Any CPU
		{9096B791-BFFA-4593-BC8C-389FDBDD45E5}.Debug|Any CPU.Build.0 = Debug|Any CPU
		{9096B791-BFFA-4593-BC8C-389FDBDD45E5}.Release|Any CPU.ActiveCfg = Release|Any CPU
		{9096B791-BFFA-4593-BC8C-389FDBDD45E5}.Release|Any CPU.Build.0 = Release|Any CPU
		{C7FD9DA1-47A1-4D0F-90D2-39ABEC101734}.Debug|Any CPU.ActiveCfg = Debug|Any CPU
		{C7FD9DA1-47A1-4D0F-90D2-39ABEC101734}.Debug|Any CPU.Build.0 = Debug|Any CPU
		{C7FD9DA1-47A1-4D0F-90D2-39ABEC101734}.Release|Any CPU.ActiveCfg = Release|Any CPU
		{C7FD9DA1-47A1-4D0F-90D2-39ABEC101734}.Release|Any CPU.Build.0 = Release|Any CPU
		{85BAF963-B5C6-4853-B72A-5B70E03CD684}.Debug|Any CPU.ActiveCfg = Debug|Any CPU
		{85BAF963-B5C6-4853-B72A-5B70E03CD684}.Debug|Any CPU.Build.0 = Debug|Any CPU
		{85BAF963-B5C6-4853-B72A-5B70E03CD684}.Release|Any CPU.ActiveCfg = Release|Any CPU
		{85BAF963-B5C6-4853-B72A-5B70E03CD684}.Release|Any CPU.Build.0 = Release|Any CPU
		{45B60C48-A78E-423A-9C6E-D89CFC02A35C}.Debug|Any CPU.ActiveCfg = Debug|Any CPU
		{45B60C48-A78E-423A-9C6E-D89CFC02A35C}.Debug|Any CPU.Build.0 = Debug|Any CPU
		{45B60C48-A78E-423A-9C6E-D89CFC02A35C}.Release|Any CPU.ActiveCfg = Release|Any CPU
		{45B60C48-A78E-423A-9C6E-D89CFC02A35C}.Release|Any CPU.Build.0 = Release|Any CPU
		{03640F7F-BBB5-4715-ADB1-04F2ECECBB13}.Debug|Any CPU.ActiveCfg = Debug|Any CPU
		{03640F7F-BBB5-4715-ADB1-04F2ECECBB13}.Debug|Any CPU.Build.0 = Debug|Any CPU
		{03640F7F-BBB5-4715-ADB1-04F2ECECBB13}.Release|Any CPU.ActiveCfg = Release|Any CPU
		{03640F7F-BBB5-4715-ADB1-04F2ECECBB13}.Release|Any CPU.Build.0 = Release|Any CPU
		{0D13CDD9-D3E8-41BC-B0BE-97DB7C81F8FC}.Debug|Any CPU.ActiveCfg = Debug|Any CPU
		{0D13CDD9-D3E8-41BC-B0BE-97DB7C81F8FC}.Debug|Any CPU.Build.0 = Debug|Any CPU
		{0D13CDD9-D3E8-41BC-B0BE-97DB7C81F8FC}.Release|Any CPU.ActiveCfg = Release|Any CPU
		{0D13CDD9-D3E8-41BC-B0BE-97DB7C81F8FC}.Release|Any CPU.Build.0 = Release|Any CPU
		{9BE2DE70-6F05-40FE-A1A3-7140F155A72C}.Debug|Any CPU.ActiveCfg = Debug|Any CPU
		{9BE2DE70-6F05-40FE-A1A3-7140F155A72C}.Debug|Any CPU.Build.0 = Debug|Any CPU
		{9BE2DE70-6F05-40FE-A1A3-7140F155A72C}.Release|Any CPU.ActiveCfg = Release|Any CPU
		{9BE2DE70-6F05-40FE-A1A3-7140F155A72C}.Release|Any CPU.Build.0 = Release|Any CPU
		{E12399CD-EE07-4B9A-B54C-DE3D7D28ECE2}.Debug|Any CPU.ActiveCfg = Debug|Any CPU
		{E12399CD-EE07-4B9A-B54C-DE3D7D28ECE2}.Debug|Any CPU.Build.0 = Debug|Any CPU
		{E12399CD-EE07-4B9A-B54C-DE3D7D28ECE2}.Release|Any CPU.ActiveCfg = Release|Any CPU
		{E12399CD-EE07-4B9A-B54C-DE3D7D28ECE2}.Release|Any CPU.Build.0 = Release|Any CPU
		{1FAD9479-9E5E-46DE-B51F-0A4188D303FA}.Debug|Any CPU.ActiveCfg = Debug|Any CPU
		{1FAD9479-9E5E-46DE-B51F-0A4188D303FA}.Debug|Any CPU.Build.0 = Debug|Any CPU
		{1FAD9479-9E5E-46DE-B51F-0A4188D303FA}.Release|Any CPU.ActiveCfg = Release|Any CPU
		{1FAD9479-9E5E-46DE-B51F-0A4188D303FA}.Release|Any CPU.Build.0 = Release|Any CPU
		{7C0E6181-31BF-4A63-9B03-713105863897}.Debug|Any CPU.ActiveCfg = Debug|Any CPU
		{7C0E6181-31BF-4A63-9B03-713105863897}.Debug|Any CPU.Build.0 = Debug|Any CPU
		{7C0E6181-31BF-4A63-9B03-713105863897}.Release|Any CPU.ActiveCfg = Release|Any CPU
		{7C0E6181-31BF-4A63-9B03-713105863897}.Release|Any CPU.Build.0 = Release|Any CPU
		{EE4E7B87-FEDB-4FFF-A896-95D323F01EEC}.Debug|Any CPU.ActiveCfg = Debug|Any CPU
		{EE4E7B87-FEDB-4FFF-A896-95D323F01EEC}.Debug|Any CPU.Build.0 = Debug|Any CPU
		{EE4E7B87-FEDB-4FFF-A896-95D323F01EEC}.Release|Any CPU.ActiveCfg = Release|Any CPU
		{EE4E7B87-FEDB-4FFF-A896-95D323F01EEC}.Release|Any CPU.Build.0 = Release|Any CPU
		{08EF9E7F-0B76-4DF8-B76C-36399E9F0A1A}.Debug|Any CPU.ActiveCfg = Debug|Any CPU
		{08EF9E7F-0B76-4DF8-B76C-36399E9F0A1A}.Debug|Any CPU.Build.0 = Debug|Any CPU
		{08EF9E7F-0B76-4DF8-B76C-36399E9F0A1A}.Release|Any CPU.ActiveCfg = Release|Any CPU
		{08EF9E7F-0B76-4DF8-B76C-36399E9F0A1A}.Release|Any CPU.Build.0 = Release|Any CPU
		{43EA64E5-34F6-4BA2-B72A-C7C56F5C6118}.Debug|Any CPU.ActiveCfg = Debug|Any CPU
		{43EA64E5-34F6-4BA2-B72A-C7C56F5C6118}.Debug|Any CPU.Build.0 = Debug|Any CPU
		{43EA64E5-34F6-4BA2-B72A-C7C56F5C6118}.Release|Any CPU.ActiveCfg = Release|Any CPU
		{43EA64E5-34F6-4BA2-B72A-C7C56F5C6118}.Release|Any CPU.Build.0 = Release|Any CPU
		{27FF0CE4-6C5E-45EF-BAEF-6F1DEB717560}.Debug|Any CPU.ActiveCfg = Debug|Any CPU
		{27FF0CE4-6C5E-45EF-BAEF-6F1DEB717560}.Debug|Any CPU.Build.0 = Debug|Any CPU
		{27FF0CE4-6C5E-45EF-BAEF-6F1DEB717560}.Release|Any CPU.ActiveCfg = Release|Any CPU
		{27FF0CE4-6C5E-45EF-BAEF-6F1DEB717560}.Release|Any CPU.Build.0 = Release|Any CPU
		{8D806536-33B0-4C1B-9D3B-CB140C50930C}.Debug|Any CPU.ActiveCfg = Debug|Any CPU
		{8D806536-33B0-4C1B-9D3B-CB140C50930C}.Debug|Any CPU.Build.0 = Debug|Any CPU
		{8D806536-33B0-4C1B-9D3B-CB140C50930C}.Release|Any CPU.ActiveCfg = Release|Any CPU
		{8D806536-33B0-4C1B-9D3B-CB140C50930C}.Release|Any CPU.Build.0 = Release|Any CPU
		{87715213-8F2E-46A1-8054-AE95571C914F}.Debug|Any CPU.ActiveCfg = Debug|Any CPU
		{87715213-8F2E-46A1-8054-AE95571C914F}.Debug|Any CPU.Build.0 = Debug|Any CPU
		{87715213-8F2E-46A1-8054-AE95571C914F}.Release|Any CPU.ActiveCfg = Release|Any CPU
		{87715213-8F2E-46A1-8054-AE95571C914F}.Release|Any CPU.Build.0 = Release|Any CPU
		{115316D5-F40C-48BD-8B9D-2D96622E63BB}.Debug|Any CPU.ActiveCfg = Debug|Any CPU
		{115316D5-F40C-48BD-8B9D-2D96622E63BB}.Debug|Any CPU.Build.0 = Debug|Any CPU
		{115316D5-F40C-48BD-8B9D-2D96622E63BB}.Release|Any CPU.ActiveCfg = Release|Any CPU
		{115316D5-F40C-48BD-8B9D-2D96622E63BB}.Release|Any CPU.Build.0 = Release|Any CPU
		{034C1A44-56E6-46A4-AD03-F8E2BA22E571}.Debug|Any CPU.ActiveCfg = Debug|Any CPU
		{034C1A44-56E6-46A4-AD03-F8E2BA22E571}.Debug|Any CPU.Build.0 = Debug|Any CPU
		{034C1A44-56E6-46A4-AD03-F8E2BA22E571}.Release|Any CPU.ActiveCfg = Release|Any CPU
		{034C1A44-56E6-46A4-AD03-F8E2BA22E571}.Release|Any CPU.Build.0 = Release|Any CPU
		{D305D2B7-3B5C-414B-904A-C63C02D5055C}.Debug|Any CPU.ActiveCfg = Debug|Any CPU
		{D305D2B7-3B5C-414B-904A-C63C02D5055C}.Debug|Any CPU.Build.0 = Debug|Any CPU
		{D305D2B7-3B5C-414B-904A-C63C02D5055C}.Release|Any CPU.ActiveCfg = Release|Any CPU
		{D305D2B7-3B5C-414B-904A-C63C02D5055C}.Release|Any CPU.Build.0 = Release|Any CPU
		{7EF30032-9D25-4F4D-9C89-B8543910A7F8}.Debug|Any CPU.ActiveCfg = Debug|Any CPU
		{7EF30032-9D25-4F4D-9C89-B8543910A7F8}.Debug|Any CPU.Build.0 = Debug|Any CPU
		{7EF30032-9D25-4F4D-9C89-B8543910A7F8}.Release|Any CPU.ActiveCfg = Release|Any CPU
		{7EF30032-9D25-4F4D-9C89-B8543910A7F8}.Release|Any CPU.Build.0 = Release|Any CPU
		{C15F1535-619B-43A4-A951-8B09EF9DE976}.Debug|Any CPU.ActiveCfg = Debug|Any CPU
		{C15F1535-619B-43A4-A951-8B09EF9DE976}.Debug|Any CPU.Build.0 = Debug|Any CPU
		{C15F1535-619B-43A4-A951-8B09EF9DE976}.Release|Any CPU.ActiveCfg = Release|Any CPU
		{C15F1535-619B-43A4-A951-8B09EF9DE976}.Release|Any CPU.Build.0 = Release|Any CPU
		{8965E08E-3DA8-45AF-9613-888445CAF306}.Debug|Any CPU.ActiveCfg = Debug|Any CPU
		{8965E08E-3DA8-45AF-9613-888445CAF306}.Debug|Any CPU.Build.0 = Debug|Any CPU
		{8965E08E-3DA8-45AF-9613-888445CAF306}.Release|Any CPU.ActiveCfg = Release|Any CPU
		{8965E08E-3DA8-45AF-9613-888445CAF306}.Release|Any CPU.Build.0 = Release|Any CPU
		{CEC8C2F6-596B-4340-A927-44EBB98BA438}.Debug|Any CPU.ActiveCfg = Debug|Any CPU
		{CEC8C2F6-596B-4340-A927-44EBB98BA438}.Debug|Any CPU.Build.0 = Debug|Any CPU
		{CEC8C2F6-596B-4340-A927-44EBB98BA438}.Release|Any CPU.ActiveCfg = Release|Any CPU
		{CEC8C2F6-596B-4340-A927-44EBB98BA438}.Release|Any CPU.Build.0 = Release|Any CPU
		{D7575F5D-1698-4794-A162-C1EE1733B3CF}.Debug|Any CPU.ActiveCfg = Debug|Any CPU
		{D7575F5D-1698-4794-A162-C1EE1733B3CF}.Debug|Any CPU.Build.0 = Debug|Any CPU
		{D7575F5D-1698-4794-A162-C1EE1733B3CF}.Release|Any CPU.ActiveCfg = Release|Any CPU
		{D7575F5D-1698-4794-A162-C1EE1733B3CF}.Release|Any CPU.Build.0 = Release|Any CPU
		{870595DB-2897-4875-A5F0-B7E125A96DD8}.Debug|Any CPU.ActiveCfg = Debug|Any CPU
		{870595DB-2897-4875-A5F0-B7E125A96DD8}.Debug|Any CPU.Build.0 = Debug|Any CPU
		{870595DB-2897-4875-A5F0-B7E125A96DD8}.Release|Any CPU.ActiveCfg = Release|Any CPU
		{870595DB-2897-4875-A5F0-B7E125A96DD8}.Release|Any CPU.Build.0 = Release|Any CPU
		{A3EAAE11-18BA-4F9A-94F1-8CC4500BE4C2}.Debug|Any CPU.ActiveCfg = Debug|Any CPU
		{A3EAAE11-18BA-4F9A-94F1-8CC4500BE4C2}.Debug|Any CPU.Build.0 = Debug|Any CPU
		{A3EAAE11-18BA-4F9A-94F1-8CC4500BE4C2}.Release|Any CPU.ActiveCfg = Release|Any CPU
		{A3EAAE11-18BA-4F9A-94F1-8CC4500BE4C2}.Release|Any CPU.Build.0 = Release|Any CPU
		{B89D6314-0632-407E-B3CE-2BE3C50D1C82}.Debug|Any CPU.ActiveCfg = Debug|Any CPU
		{B89D6314-0632-407E-B3CE-2BE3C50D1C82}.Debug|Any CPU.Build.0 = Debug|Any CPU
		{B89D6314-0632-407E-B3CE-2BE3C50D1C82}.Release|Any CPU.ActiveCfg = Release|Any CPU
		{B89D6314-0632-407E-B3CE-2BE3C50D1C82}.Release|Any CPU.Build.0 = Release|Any CPU
		{E617707F-3300-4332-9FAE-09B5A4109DC8}.Debug|Any CPU.ActiveCfg = Debug|Any CPU
		{E617707F-3300-4332-9FAE-09B5A4109DC8}.Debug|Any CPU.Build.0 = Debug|Any CPU
		{E617707F-3300-4332-9FAE-09B5A4109DC8}.Release|Any CPU.ActiveCfg = Release|Any CPU
		{E617707F-3300-4332-9FAE-09B5A4109DC8}.Release|Any CPU.Build.0 = Release|Any CPU
		{34823F32-931B-4D1E-B26A-B35426A2734D}.Debug|Any CPU.ActiveCfg = Debug|Any CPU
		{34823F32-931B-4D1E-B26A-B35426A2734D}.Debug|Any CPU.Build.0 = Debug|Any CPU
		{34823F32-931B-4D1E-B26A-B35426A2734D}.Release|Any CPU.ActiveCfg = Release|Any CPU
		{34823F32-931B-4D1E-B26A-B35426A2734D}.Release|Any CPU.Build.0 = Release|Any CPU
		{2AB42458-7480-4E33-B783-75BACA545787}.Debug|Any CPU.ActiveCfg = Debug|Any CPU
		{2AB42458-7480-4E33-B783-75BACA545787}.Debug|Any CPU.Build.0 = Debug|Any CPU
		{2AB42458-7480-4E33-B783-75BACA545787}.Release|Any CPU.ActiveCfg = Release|Any CPU
		{2AB42458-7480-4E33-B783-75BACA545787}.Release|Any CPU.Build.0 = Release|Any CPU
		{D1C61CDE-458F-4E64-B2B3-A7FB3052044A}.Debug|Any CPU.ActiveCfg = Debug|Any CPU
		{D1C61CDE-458F-4E64-B2B3-A7FB3052044A}.Debug|Any CPU.Build.0 = Debug|Any CPU
		{D1C61CDE-458F-4E64-B2B3-A7FB3052044A}.Release|Any CPU.ActiveCfg = Release|Any CPU
		{D1C61CDE-458F-4E64-B2B3-A7FB3052044A}.Release|Any CPU.Build.0 = Release|Any CPU
		{7426B5F4-C253-44A6-87C6-14CEE6A272FF}.Debug|Any CPU.ActiveCfg = Debug|Any CPU
		{7426B5F4-C253-44A6-87C6-14CEE6A272FF}.Debug|Any CPU.Build.0 = Debug|Any CPU
		{7426B5F4-C253-44A6-87C6-14CEE6A272FF}.Release|Any CPU.ActiveCfg = Release|Any CPU
		{7426B5F4-C253-44A6-87C6-14CEE6A272FF}.Release|Any CPU.Build.0 = Release|Any CPU
		{BCE20FC7-E4FC-4B0E-AB08-1F3EB1000D86}.Debug|Any CPU.ActiveCfg = Debug|Any CPU
		{BCE20FC7-E4FC-4B0E-AB08-1F3EB1000D86}.Debug|Any CPU.Build.0 = Debug|Any CPU
		{BCE20FC7-E4FC-4B0E-AB08-1F3EB1000D86}.Release|Any CPU.ActiveCfg = Release|Any CPU
		{BCE20FC7-E4FC-4B0E-AB08-1F3EB1000D86}.Release|Any CPU.Build.0 = Release|Any CPU
		{2EEE2CDB-A150-4BB4-8007-EA08802F5D68}.Debug|Any CPU.ActiveCfg = Debug|Any CPU
		{2EEE2CDB-A150-4BB4-8007-EA08802F5D68}.Debug|Any CPU.Build.0 = Debug|Any CPU
		{2EEE2CDB-A150-4BB4-8007-EA08802F5D68}.Release|Any CPU.ActiveCfg = Release|Any CPU
		{2EEE2CDB-A150-4BB4-8007-EA08802F5D68}.Release|Any CPU.Build.0 = Release|Any CPU
		{C13342EB-AD3A-4C00-A509-DB5F0885BD86}.Debug|Any CPU.ActiveCfg = Debug|Any CPU
		{C13342EB-AD3A-4C00-A509-DB5F0885BD86}.Debug|Any CPU.Build.0 = Debug|Any CPU
		{C13342EB-AD3A-4C00-A509-DB5F0885BD86}.Release|Any CPU.ActiveCfg = Release|Any CPU
		{C13342EB-AD3A-4C00-A509-DB5F0885BD86}.Release|Any CPU.Build.0 = Release|Any CPU
		{649F673F-9EF3-4113-850C-660CD1E388B0}.Debug|Any CPU.ActiveCfg = Debug|Any CPU
		{649F673F-9EF3-4113-850C-660CD1E388B0}.Debug|Any CPU.Build.0 = Debug|Any CPU
		{649F673F-9EF3-4113-850C-660CD1E388B0}.Release|Any CPU.ActiveCfg = Release|Any CPU
		{649F673F-9EF3-4113-850C-660CD1E388B0}.Release|Any CPU.Build.0 = Release|Any CPU
	EndGlobalSection
	GlobalSection(SolutionProperties) = preSolution
		HideSolutionNode = FALSE
	EndGlobalSection
	GlobalSection(ExtensibilityGlobals) = postSolution
		SolutionGuid = {C8B06580-ED27-4A6D-9A87-226BCF844A25}
	EndGlobalSection
EndGlobal
